{
  "originHash" : "326fe0f72fb1e525e7364a0489203b23edf5c4dd8d80d0a19a67a36d65c94314",
  "pins" : [
    {
      "identity" : "grdb.swift",
      "kind" : "remoteSourceControl",
      "location" : "https://github.com/groue/GRDB.swift.git",
      "state" : {
        "revision" : "b83108d10f42680d78f23fe4d4d80fc88dab3212",
        "version" : "7.11.1"
      }
    },
    {
      "identity" : "nuke",
      "kind" : "remoteSourceControl",
      "location" : "https://github.com/kean/Nuke.git",
      "state" : {
        "revision" : "63a8fcbd6621340a2410bc3e9575ac97058615f4",
        "version" : "13.0.6"
      }
    }
  ],
  "version" : 3
}
